
Microsoft Visual Studio Solution File, Format Version 12.00
# Visual Studio Version 17
VisualStudioVersion = 17.4.33213.308
MinimumVisualStudioVersion = 10.0.40219.1
Project("{FAE04EC0-301F-11D3-BF4B-00C04F79EFBC}") = "apilab1", "apilab1\apilab1.csproj", "{2C7F1432-2DF2-4FFF-B956-51E9B07127B7}"
EndProject
Global
	GlobalSection(SolutionConfigurationPlatforms) = preSolution
		Debug|Any CPU = Debug|Any CPU
		Release|Any CPU = Release|Any CPU
	EndGlobalSection
	GlobalSection(ProjectConfigurationPlatforms) = postSolution
		{2C7F1432-2DF2-4FFF-B956-51E9B07127B7}.Debug|Any CPU.ActiveCfg = Debug|Any CPU
		{2C7F1432-2DF2-4FFF-B956-51E9B07127B7}.Debug|Any CPU.Build.0 = Debug|Any CPU
		{2C7F1432-2DF2-4FFF-B956-51E9B07127B7}.Release|Any CPU.ActiveCfg = Release|Any CPU
		{2C7F1432-2DF2-4FFF-B956-51E9B07127B7}.Release|Any CPU.Build.0 = Release|Any CPU
	EndGlobalSection
	GlobalSection(SolutionProperties) = preSolution
		HideSolutionNode = FALSE
	EndGlobalSection
	GlobalSection(ExtensibilityGlobals) = postSolution
		SolutionGuid = {181D59DE-311E-43CA-AF4A-BA4577BAB176}
	EndGlobalSection
EndGlobal
